
Microsoft Visual Studio Solution File, Format Version 12.00
# Visual Studio Version 17
VisualStudioVersion = 17.6.33829.357
MinimumVisualStudioVersion = 10.0.40219.1
Project("{9A19103F-16F7-4668-BE54-9A1E7A4F7556}") = "Darts", "Darts.csproj", "{51CD3AE1-B221-442D-80A9-D78A2F9A8E1F}"
EndProject
Global
	GlobalSection(SolutionConfigurationPlatforms) = preSolution
		Debug|Any CPU = Debug|Any CPU
		Release|Any CPU = Release|Any CPU
	EndGlobalSection
	GlobalSection(ProjectConfigurationPlatforms) = postSolution
		{51CD3AE1-B221-442D-80A9-D78A2F9A8E1F}.Debug|Any CPU.ActiveCfg = Debug|Any CPU
		{51CD3AE1-B221-442D-80A9-D78A2F9A8E1F}.Debug|Any CPU.Build.0 = Debug|Any CPU
		{51CD3AE1-B221-442D-80A9-D78A2F9A8E1F}.Release|Any CPU.ActiveCfg = Release|Any CPU
		{51CD3AE1-B221-442D-80A9-D78A2F9A8E1F}.Release|Any CPU.Build.0 = Release|Any CPU
	EndGlobalSection
	GlobalSection(SolutionProperties) = preSolution
		HideSolutionNode = FALSE
	EndGlobalSection
	GlobalSection(ExtensibilityGlobals) = postSolution
		SolutionGuid = {80E2182F-5253-435E-B441-97B826FD762E}
	EndGlobalSection
EndGlobal
