
Microsoft Visual Studio Solution File, Format Version 12.00
# Visual Studio Version 17
VisualStudioVersion = 17.6.33829.357
MinimumVisualStudioVersion = 10.0.40219.1
Project("{9A19103F-16F7-4668-BE54-9A1E7A4F7556}") = "Hamming", "Hamming.csproj", "{BE0A539B-A2F9-45C9-AAD8-BBD1D33531BF}"
EndProject
Global
	GlobalSection(SolutionConfigurationPlatforms) = preSolution
		Debug|Any CPU = Debug|Any CPU
		Release|Any CPU = Release|Any CPU
	EndGlobalSection
	GlobalSection(ProjectConfigurationPlatforms) = postSolution
		{BE0A539B-A2F9-45C9-AAD8-BBD1D33531BF}.Debug|Any CPU.ActiveCfg = Debug|Any CPU
		{BE0A539B-A2F9-45C9-AAD8-BBD1D33531BF}.Debug|Any CPU.Build.0 = Debug|Any CPU
		{BE0A539B-A2F9-45C9-AAD8-BBD1D33531BF}.Release|Any CPU.ActiveCfg = Release|Any CPU
		{BE0A539B-A2F9-45C9-AAD8-BBD1D33531BF}.Release|Any CPU.Build.0 = Release|Any CPU
	EndGlobalSection
	GlobalSection(SolutionProperties) = preSolution
		HideSolutionNode = FALSE
	EndGlobalSection
	GlobalSection(ExtensibilityGlobals) = postSolution
		SolutionGuid = {E052BB90-00C2-4858-98E8-29DB4D0A0A85}
	EndGlobalSection
EndGlobal
